
Microsoft Visual Studio Solution File, Format Version 12.00
# Visual Studio Version 17
VisualStudioVersion = 17.12.35527.113
MinimumVisualStudioVersion = 10.0.40219.1
Project("{FAE04EC0-301F-11D3-BF4B-00C04F79EFBC}") = "GreenLight.DX.Config.Activities", "GreenLight.DX.Config.Activities\GreenLight.DX.Config.Activities.csproj", "{362A098A-B44F-4960-A131-F69F33E65870}"
EndProject
Project("{FAE04EC0-301F-11D3-BF4B-00C04F79EFBC}") = "GreenLight.DX.Config.Activities.Tests", "GreenLight.DX.Config.Activities.Tests\GreenLight.DX.Config.Activities.Tests.csproj", "{78554C01-954F-4E75-91ED-A47DC0932E0C}"
EndProject
Project("{FAE04EC0-301F-11D3-BF4B-00C04F79EFBC}") = "GreenLight.DX.Config.Activities.Packaging", "GreenLight.DX.Config.Activities.Packaging\GreenLight.DX.Config.Activities.Packaging.csproj", "{CE336BB3-F4FB-429B-B1E9-9BB150E84FF3}"
EndProject
Project("{FAE04EC0-301F-11D3-BF4B-00C04F79EFBC}") = "GreenLight.DX.Config.Studio", "GreenLight.DX.Config.Studio\GreenLight.DX.Config.Studio.csproj", "{9F3AF957-415B-460E-9B2B-1328139DB5FF}"
EndProject
Project("{FAE04EC0-301F-11D3-BF4B-00C04F79EFBC}") = "GreenLight.DX.Config.Studio.Test", "GreenLight.DX.Config.Studio.Test\GreenLight.DX.Config.Studio.Test.csproj", "{A0465695-A65D-479A-810D-C27753E8FD26}"
EndProject
Project("{FAE04EC0-301F-11D3-BF4B-00C04F79EFBC}") = "GreenLight.DX.Shared.Hermes", "GreenLight.DX.Shared.Hermes\GreenLight.DX.Shared.Hermes.csproj", "{ABB233BE-120E-4640-96F7-BA44C40E0DA5}"
EndProject
Project("{FAE04EC0-301F-11D3-BF4B-00C04F79EFBC}") = "GreenLight.DX.Shared.Hermes.Test", "GreenLight.DX.Shared.Hermes.Test\GreenLight.DX.Shared.Hermes.Test.csproj", "{2C11E2B1-EB09-4B1A-A424-C84046ADD9EA}"
EndProject
Project("{FAE04EC0-301F-11D3-BF4B-00C04F79EFBC}") = "GreenLight.DX.Shared", "GreenLight.DX.Shared\GreenLight.DX.Shared.csproj", "{F164B3C7-E5DA-4A02-96B8-B10417A94F36}"
EndProject
Project("{FAE04EC0-301F-11D3-BF4B-00C04F79EFBC}") = "GreenLight.DX.Config.Studio.Test.Integration", "GreenLight.DX.Config.Studio.Test.Integration\GreenLight.DX.Config.Studio.Test.Integration.csproj", "{8551CB60-C7A3-4C73-BF61-0150573F5B80}"
EndProject
Project("{FAE04EC0-301F-11D3-BF4B-00C04F79EFBC}") = "GreenLight.DX.Config.Shared", "GreenLight.DX.Config.Shared\GreenLight.DX.Config.Shared.csproj", "{F42009ED-72F6-4848-8B9D-12D141CA68EB}"
EndProject
Global
	GlobalSection(SolutionConfigurationPlatforms) = preSolution
		Debug|Any CPU = Debug|Any CPU
		Release|Any CPU = Release|Any CPU
	EndGlobalSection
	GlobalSection(ProjectConfigurationPlatforms) = postSolution
		{362A098A-B44F-4960-A131-F69F33E65870}.Debug|Any CPU.ActiveCfg = Debug|Any CPU
		{362A098A-B44F-4960-A131-F69F33E65870}.Debug|Any CPU.Build.0 = Debug|Any CPU
		{362A098A-B44F-4960-A131-F69F33E65870}.Release|Any CPU.ActiveCfg = Release|Any CPU
		{362A098A-B44F-4960-A131-F69F33E65870}.Release|Any CPU.Build.0 = Release|Any CPU
		{78554C01-954F-4E75-91ED-A47DC0932E0C}.Debug|Any CPU.ActiveCfg = Debug|Any CPU
		{78554C01-954F-4E75-91ED-A47DC0932E0C}.Debug|Any CPU.Build.0 = Debug|Any CPU
		{78554C01-954F-4E75-91ED-A47DC0932E0C}.Release|Any CPU.ActiveCfg = Release|Any CPU
		{78554C01-954F-4E75-91ED-A47DC0932E0C}.Release|Any CPU.Build.0 = Release|Any CPU
		{CE336BB3-F4FB-429B-B1E9-9BB150E84FF3}.Debug|Any CPU.ActiveCfg = Debug|Any CPU
		{CE336BB3-F4FB-429B-B1E9-9BB150E84FF3}.Debug|Any CPU.Build.0 = Debug|Any CPU
		{CE336BB3-F4FB-429B-B1E9-9BB150E84FF3}.Release|Any CPU.ActiveCfg = Release|Any CPU
		{CE336BB3-F4FB-429B-B1E9-9BB150E84FF3}.Release|Any CPU.Build.0 = Release|Any CPU
		{9F3AF957-415B-460E-9B2B-1328139DB5FF}.Debug|Any CPU.ActiveCfg = Debug|Any CPU
		{9F3AF957-415B-460E-9B2B-1328139DB5FF}.Debug|Any CPU.Build.0 = Debug|Any CPU
		{9F3AF957-415B-460E-9B2B-1328139DB5FF}.Release|Any CPU.ActiveCfg = Release|Any CPU
		{9F3AF957-415B-460E-9B2B-1328139DB5FF}.Release|Any CPU.Build.0 = Release|Any CPU
		{A0465695-A65D-479A-810D-C27753E8FD26}.Debug|Any CPU.ActiveCfg = Debug|Any CPU
		{A0465695-A65D-479A-810D-C27753E8FD26}.Debug|Any CPU.Build.0 = Debug|Any CPU
		{A0465695-A65D-479A-810D-C27753E8FD26}.Release|Any CPU.ActiveCfg = Release|Any CPU
		{A0465695-A65D-479A-810D-C27753E8FD26}.Release|Any CPU.Build.0 = Release|Any CPU
		{ABB233BE-120E-4640-96F7-BA44C40E0DA5}.Debug|Any CPU.ActiveCfg = Debug|Any CPU
		{ABB233BE-120E-4640-96F7-BA44C40E0DA5}.Debug|Any CPU.Build.0 = Debug|Any CPU
		{ABB233BE-120E-4640-96F7-BA44C40E0DA5}.Release|Any CPU.ActiveCfg = Release|Any CPU
		{ABB233BE-120E-4640-96F7-BA44C40E0DA5}.Release|Any CPU.Build.0 = Release|Any CPU
		{2C11E2B1-EB09-4B1A-A424-C84046ADD9EA}.Debug|Any CPU.ActiveCfg = Debug|Any CPU
		{2C11E2B1-EB09-4B1A-A424-C84046ADD9EA}.Debug|Any CPU.Build.0 = Debug|Any CPU
		{2C11E2B1-EB09-4B1A-A424-C84046ADD9EA}.Release|Any CPU.ActiveCfg = Release|Any CPU
		{2C11E2B1-EB09-4B1A-A424-C84046ADD9EA}.Release|Any CPU.Build.0 = Release|Any CPU
		{F164B3C7-E5DA-4A02-96B8-B10417A94F36}.Debug|Any CPU.ActiveCfg = Debug|Any CPU
		{F164B3C7-E5DA-4A02-96B8-B10417A94F36}.Debug|Any CPU.Build.0 = Debug|Any CPU
		{F164B3C7-E5DA-4A02-96B8-B10417A94F36}.Release|Any CPU.ActiveCfg = Release|Any CPU
		{F164B3C7-E5DA-4A02-96B8-B10417A94F36}.Release|Any CPU.Build.0 = Release|Any CPU
		{8551CB60-C7A3-4C73-BF61-0150573F5B80}.Debug|Any CPU.ActiveCfg = Debug|Any CPU
		{8551CB60-C7A3-4C73-BF61-0150573F5B80}.Debug|Any CPU.Build.0 = Debug|Any CPU
		{8551CB60-C7A3-4C73-BF61-0150573F5B80}.Release|Any CPU.ActiveCfg = Release|Any CPU
		{8551CB60-C7A3-4C73-BF61-0150573F5B80}.Release|Any CPU.Build.0 = Release|Any CPU
		{F42009ED-72F6-4848-8B9D-12D141CA68EB}.Debug|Any CPU.ActiveCfg = Debug|Any CPU
		{F42009ED-72F6-4848-8B9D-12D141CA68EB}.Debug|Any CPU.Build.0 = Debug|Any CPU
		{F42009ED-72F6-4848-8B9D-12D141CA68EB}.Release|Any CPU.ActiveCfg = Release|Any CPU
		{F42009ED-72F6-4848-8B9D-12D141CA68EB}.Release|Any CPU.Build.0 = Release|Any CPU
	EndGlobalSection
	GlobalSection(SolutionProperties) = preSolution
		HideSolutionNode = FALSE
	EndGlobalSection
EndGlobal
