
Microsoft Visual Studio Solution File, Format Version 12.00
# Visual Studio Version 17
VisualStudioVersion = 17.12.35527.113
MinimumVisualStudioVersion = 10.0.40219.1
Project("{FAE04EC0-301F-11D3-BF4B-00C04F79EFBC}") = "GreenLight.DX.Config", "GreenLight.DevEx.Config\GreenLight.DX.Config.csproj", "{43E4264D-E4C1-41CE-8617-9F4B9A8BCB0A}"
EndProject
Project("{FAE04EC0-301F-11D3-BF4B-00C04F79EFBC}") = "GreenLight.DX.Config.Test", "GreenLight.DevEx.Config.Test\GreenLight.DX.Config.Test.csproj", "{74E4754E-A0E7-4E7B-813F-51130F300EB9}"
EndProject
Global
	GlobalSection(SolutionConfigurationPlatforms) = preSolution
		Debug|Any CPU = Debug|Any CPU
		Release|Any CPU = Release|Any CPU
	EndGlobalSection
	GlobalSection(ProjectConfigurationPlatforms) = postSolution
		{43E4264D-E4C1-41CE-8617-9F4B9A8BCB0A}.Debug|Any CPU.ActiveCfg = Debug|Any CPU
		{43E4264D-E4C1-41CE-8617-9F4B9A8BCB0A}.Debug|Any CPU.Build.0 = Debug|Any CPU
		{43E4264D-E4C1-41CE-8617-9F4B9A8BCB0A}.Release|Any CPU.ActiveCfg = Release|Any CPU
		{43E4264D-E4C1-41CE-8617-9F4B9A8BCB0A}.Release|Any CPU.Build.0 = Release|Any CPU
		{74E4754E-A0E7-4E7B-813F-51130F300EB9}.Debug|Any CPU.ActiveCfg = Debug|Any CPU
		{74E4754E-A0E7-4E7B-813F-51130F300EB9}.Debug|Any CPU.Build.0 = Debug|Any CPU
		{74E4754E-A0E7-4E7B-813F-51130F300EB9}.Release|Any CPU.ActiveCfg = Release|Any CPU
		{74E4754E-A0E7-4E7B-813F-51130F300EB9}.Release|Any CPU.Build.0 = Release|Any CPU
	EndGlobalSection
	GlobalSection(SolutionProperties) = preSolution
		HideSolutionNode = FALSE
	EndGlobalSection
EndGlobal
